// !$*UTF8*$!
{
	archiveVersion = 1;
	classes = {
	};
	objectVersion = 46;
	objects = {

/* Begin PBXBuildFile section */
		538A2E1E1886817900E4BD97 /* AXProcessCenter.m in Sources */ = {isa = PBXBuildFile; fileRef = 538A2E1D1886817900E4BD97 /* AXProcessCenter.m */; };
		53ED3BEA188581CF00AA5C56 /* Foundation.framework in Frameworks */ = {isa = PBXBuildFile; fileRef = 53ED3BE9188581CF00AA5C56 /* Foundation.framework */; };
		53ED3C03188581D000AA5C56 /* XCTest.framework in Frameworks */ = {isa = PBXBuildFile; fileRef = 53ED3C02188581D000AA5C56 /* XCTest.framework */; };
		53ED3C04188581D000AA5C56 /* Foundation.framework in Frameworks */ = {isa = PBXBuildFile; fileRef = 53ED3BE9188581CF00AA5C56 /* Foundation.framework */; };
		53ED3C05188581D000AA5C56 /* UIKit.framework in Frameworks */ = {isa = PBXBuildFile; fileRef = 53ED3BED188581CF00AA5C56 /* UIKit.framework */; };
		53ED3C0D188581D000AA5C56 /* InfoPlist.strings in Resources */ = {isa = PBXBuildFile; fileRef = 53ED3C0B188581D000AA5C56 /* InfoPlist.strings */; };
		53ED3C0F188581D000AA5C56 /* imemTests.m in Sources */ = {isa = PBXBuildFile; fileRef = 53ED3C0E188581D000AA5C56 /* imemTests.m */; };
		53ED3C1D1885828700AA5C56 /* AXCUIHandler.m in Sources */ = {isa = PBXBuildFile; fileRef = 53ED3C191885828700AA5C56 /* AXCUIHandler.m */; };
		53ED3C1E1885828700AA5C56 /* AXMemoryCore.m in Sources */ = {isa = PBXBuildFile; fileRef = 53ED3C1B1885828700AA5C56 /* AXMemoryCore.m */; };
		53ED3C1F1885828700AA5C56 /* main.m in Sources */ = {isa = PBXBuildFile; fileRef = 53ED3C1C1885828700AA5C56 /* main.m */; };
		53ED3C281885879600AA5C56 /* entitlements.xml in Resources */ = {isa = PBXBuildFile; fileRef = 53ED3C251885879600AA5C56 /* entitlements.xml */; };
		53ED3C291885879600AA5C56 /* make_all_cli.sh in Resources */ = {isa = PBXBuildFile; fileRef = 53ED3C261885879600AA5C56 /* make_all_cli.sh */; };
		53ED3C2A1885879600AA5C56 /* make.sh in Resources */ = {isa = PBXBuildFile; fileRef = 53ED3C271885879600AA5C56 /* make.sh */; };
/* End PBXBuildFile section */

/* Begin PBXContainerItemProxy section */
		53ED3C06188581D000AA5C56 /* PBXContainerItemProxy */ = {
			isa = PBXContainerItemProxy;
			containerPortal = 53ED3BDE188581CF00AA5C56 /* Project object */;
			proxyType = 1;
			remoteGlobalIDString = 53ED3BE5188581CF00AA5C56;
			remoteInfo = imem;
		};
/* End PBXContainerItemProxy section */

/* Begin PBXFileReference section */
		538A2E1C1886817900E4BD97 /* AXProcessCenter.h */ = {isa = PBXFileReference; fileEncoding = 4; lastKnownFileType = sourcecode.c.h; path = AXProcessCenter.h; sourceTree = "<group>"; };
		538A2E1D1886817900E4BD97 /* AXProcessCenter.m */ = {isa = PBXFileReference; fileEncoding = 4; lastKnownFileType = sourcecode.c.objc; path = AXProcessCenter.m; sourceTree = "<group>"; };
		53ED3BE6188581CF00AA5C56 /* imem.app */ = {isa = PBXFileReference; explicitFileType = wrapper.application; includeInIndex = 0; path = imem.app; sourceTree = BUILT_PRODUCTS_DIR; };
		53ED3BE9188581CF00AA5C56 /* Foundation.framework */ = {isa = PBXFileReference; lastKnownFileType = wrapper.framework; name = Foundation.framework; path = System/Library/Frameworks/Foundation.framework; sourceTree = SDKROOT; };
		53ED3BEB188581CF00AA5C56 /* CoreGraphics.framework */ = {isa = PBXFileReference; lastKnownFileType = wrapper.framework; name = CoreGraphics.framework; path = System/Library/Frameworks/CoreGraphics.framework; sourceTree = SDKROOT; };
		53ED3BED188581CF00AA5C56 /* UIKit.framework */ = {isa = PBXFileReference; lastKnownFileType = wrapper.framework; name = UIKit.framework; path = System/Library/Frameworks/UIKit.framework; sourceTree = SDKROOT; };
		53ED3BF1188581CF00AA5C56 /* imem-Info.plist */ = {isa = PBXFileReference; lastKnownFileType = text.plist.xml; path = "imem-Info.plist"; sourceTree = "<group>"; };
		53ED3BF3188581CF00AA5C56 /* en */ = {isa = PBXFileReference; lastKnownFileType = text.plist.strings; name = en; path = en.lproj/InfoPlist.strings; sourceTree = "<group>"; };
		53ED3BF7188581CF00AA5C56 /* imem-Prefix.pch */ = {isa = PBXFileReference; lastKnownFileType = sourcecode.c.h; path = "imem-Prefix.pch"; sourceTree = "<group>"; };
		53ED3C01188581D000AA5C56 /* imemTests.xctest */ = {isa = PBXFileReference; explicitFileType = wrapper.cfbundle; includeInIndex = 0; path = imemTests.xctest; sourceTree = BUILT_PRODUCTS_DIR; };
		53ED3C02188581D000AA5C56 /* XCTest.framework */ = {isa = PBXFileReference; lastKnownFileType = wrapper.framework; name = XCTest.framework; path = Library/Frameworks/XCTest.framework; sourceTree = DEVELOPER_DIR; };
		53ED3C0A188581D000AA5C56 /* imemTests-Info.plist */ = {isa = PBXFileReference; lastKnownFileType = text.plist.xml; path = "imemTests-Info.plist"; sourceTree = "<group>"; };
		53ED3C0C188581D000AA5C56 /* en */ = {isa = PBXFileReference; lastKnownFileType = text.plist.strings; name = en; path = en.lproj/InfoPlist.strings; sourceTree = "<group>"; };
		53ED3C0E188581D000AA5C56 /* imemTests.m */ = {isa = PBXFileReference; lastKnownFileType = sourcecode.c.objc; path = imemTests.m; sourceTree = "<group>"; };
		53ED3C181885828700AA5C56 /* AXCUIHandler.h */ = {isa = PBXFileReference; fileEncoding = 4; lastKnownFileType = sourcecode.c.h; path = AXCUIHandler.h; sourceTree = "<group>"; };
		53ED3C191885828700AA5C56 /* AXCUIHandler.m */ = {isa = PBXFileReference; fileEncoding = 4; lastKnownFileType = sourcecode.c.objc; path = AXCUIHandler.m; sourceTree = "<group>"; };
		53ED3C1A1885828700AA5C56 /* AXMemoryCore.h */ = {isa = PBXFileReference; fileEncoding = 4; lastKnownFileType = sourcecode.c.h; path = AXMemoryCore.h; sourceTree = "<group>"; };
		53ED3C1B1885828700AA5C56 /* AXMemoryCore.m */ = {isa = PBXFileReference; fileEncoding = 4; lastKnownFileType = sourcecode.c.objc; path = AXMemoryCore.m; sourceTree = "<group>"; };
		53ED3C1C1885828700AA5C56 /* main.m */ = {isa = PBXFileReference; fileEncoding = 4; lastKnownFileType = sourcecode.c.objc; path = main.m; sourceTree = "<group>"; };
		53ED3C23188583EA00AA5C56 /* libSystem.dylib */ = {isa = PBXFileReference; lastKnownFileType = "compiled.mach-o.dylib"; name = libSystem.dylib; path = usr/lib/libSystem.dylib; sourceTree = SDKROOT; };
		53ED3C251885879600AA5C56 /* entitlements.xml */ = {isa = PBXFileReference; fileEncoding = 4; lastKnownFileType = text.xml; path = entitlements.xml; sourceTree = SOURCE_ROOT; };
		53ED3C261885879600AA5C56 /* make_all_cli.sh */ = {isa = PBXFileReference; fileEncoding = 4; lastKnownFileType = text.script.sh; path = make_all_cli.sh; sourceTree = SOURCE_ROOT; };
		53ED3C271885879600AA5C56 /* make.sh */ = {isa = PBXFileReference; fileEncoding = 4; lastKnownFileType = text.script.sh; path = make.sh; sourceTree = SOURCE_ROOT; };
/* End PBXFileReference section */

/* Begin PBXFrameworksBuildPhase section */
		53ED3BE3188581CF00AA5C56 /* Frameworks */ = {
			isa = PBXFrameworksBuildPhase;
			buildActionMask = 2147483647;
			files = (
				53ED3BEA188581CF00AA5C56 /* Foundation.framework in Frameworks */,
			);
			runOnlyForDeploymentPostprocessing = 0;
		};
		53ED3BFE188581D000AA5C56 /* Frameworks */ = {
			isa = PBXFrameworksBuildPhase;
			buildActionMask = 2147483647;
			files = (
				53ED3C03188581D000AA5C56 /* XCTest.framework in Frameworks */,
				53ED3C05188581D000AA5C56 /* UIKit.framework in Frameworks */,
				53ED3C04188581D000AA5C56 /* Foundation.framework in Frameworks */,
			);
			runOnlyForDeploymentPostprocessing = 0;
		};
/* End PBXFrameworksBuildPhase section */

/* Begin PBXGroup section */
		53ED3BDD188581CF00AA5C56 = {
			isa = PBXGroup;
			children = (
				53ED3BEF188581CF00AA5C56 /* imem */,
				53ED3C08188581D000AA5C56 /* imemTests */,
				53ED3BE8188581CF00AA5C56 /* Frameworks */,
				53ED3BE7188581CF00AA5C56 /* Products */,
			);
			sourceTree = "<group>";
		};
		53ED3BE7188581CF00AA5C56 /* Products */ = {
			isa = PBXGroup;
			children = (
				53ED3BE6188581CF00AA5C56 /* imem.app */,
				53ED3C01188581D000AA5C56 /* imemTests.xctest */,
			);
			name = Products;
			sourceTree = "<group>";
		};
		53ED3BE8188581CF00AA5C56 /* Frameworks */ = {
			isa = PBXGroup;
			children = (
				53ED3C23188583EA00AA5C56 /* libSystem.dylib */,
				53ED3BE9188581CF00AA5C56 /* Foundation.framework */,
				53ED3BEB188581CF00AA5C56 /* CoreGraphics.framework */,
				53ED3BED188581CF00AA5C56 /* UIKit.framework */,
				53ED3C02188581D000AA5C56 /* XCTest.framework */,
			);
			name = Frameworks;
			sourceTree = "<group>";
		};
		53ED3BEF188581CF00AA5C56 /* imem */ = {
			isa = PBXGroup;
			children = (
				53ED3C181885828700AA5C56 /* AXCUIHandler.h */,
				53ED3C191885828700AA5C56 /* AXCUIHandler.m */,
				53ED3C1A1885828700AA5C56 /* AXMemoryCore.h */,
				53ED3C1B1885828700AA5C56 /* AXMemoryCore.m */,
				538A2E1C1886817900E4BD97 /* AXProcessCenter.h */,
				538A2E1D1886817900E4BD97 /* AXProcessCenter.m */,
				53ED3C1C1885828700AA5C56 /* main.m */,
				53ED3BF0188581CF00AA5C56 /* Supporting Files */,
			);
			path = imem;
			sourceTree = "<group>";
		};
		53ED3BF0188581CF00AA5C56 /* Supporting Files */ = {
			isa = PBXGroup;
			children = (
				53ED3C251885879600AA5C56 /* entitlements.xml */,
				53ED3C261885879600AA5C56 /* make_all_cli.sh */,
				53ED3C271885879600AA5C56 /* make.sh */,
				53ED3BF1188581CF00AA5C56 /* imem-Info.plist */,
				53ED3BF2188581CF00AA5C56 /* InfoPlist.strings */,
				53ED3BF7188581CF00AA5C56 /* imem-Prefix.pch */,
			);
			name = "Supporting Files";
			sourceTree = "<group>";
		};
		53ED3C08188581D000AA5C56 /* imemTests */ = {
			isa = PBXGroup;
			children = (
				53ED3C0E188581D000AA5C56 /* imemTests.m */,
				53ED3C09188581D000AA5C56 /* Supporting Files */,
			);
			path = imemTests;
			sourceTree = "<group>";
		};
		53ED3C09188581D000AA5C56 /* Supporting Files */ = {
			isa = PBXGroup;
			children = (
				53ED3C0A188581D000AA5C56 /* imemTests-Info.plist */,
				53ED3C0B188581D000AA5C56 /* InfoPlist.strings */,
			);
			name = "Supporting Files";
			sourceTree = "<group>";
		};
/* End PBXGroup section */

/* Begin PBXNativeTarget section */
		53ED3BE5188581CF00AA5C56 /* imem */ = {
			isa = PBXNativeTarget;
			buildConfigurationList = 53ED3C12188581D000AA5C56 /* Build configuration list for PBXNativeTarget "imem" */;
			buildPhases = (
				53ED3BE2188581CF00AA5C56 /* Sources */,
				53ED3BE3188581CF00AA5C56 /* Frameworks */,
				53ED3BE4188581CF00AA5C56 /* Resources */,
			);
			buildRules = (
			);
			dependencies = (
			);
			name = imem;
			productName = imem;
			productReference = 53ED3BE6188581CF00AA5C56 /* imem.app */;
			productType = "com.apple.product-type.application";
		};
		53ED3C00188581D000AA5C56 /* imemTests */ = {
			isa = PBXNativeTarget;
			buildConfigurationList = 53ED3C15188581D000AA5C56 /* Build configuration list for PBXNativeTarget "imemTests" */;
			buildPhases = (
				53ED3BFD188581D000AA5C56 /* Sources */,
				53ED3BFE188581D000AA5C56 /* Frameworks */,
				53ED3BFF188581D000AA5C56 /* Resources */,
			);
			buildRules = (
			);
			dependencies = (
				53ED3C07188581D000AA5C56 /* PBXTargetDependency */,
			);
			name = imemTests;
			productName = imemTests;
			productReference = 53ED3C01188581D000AA5C56 /* imemTests.xctest */;
			productType = "com.apple.product-type.bundle.unit-test";
		};
/* End PBXNativeTarget section */

/* Begin PBXProject section */
		53ED3BDE188581CF00AA5C56 /* Project object */ = {
			isa = PBXProject;
			attributes = {
				CLASSPREFIX = AX;
				LastUpgradeCheck = 0500;
				ORGANIZATIONNAME = axot.org;
				TargetAttributes = {
					53ED3C00188581D000AA5C56 = {
						TestTargetID = 53ED3BE5188581CF00AA5C56;
					};
				};
			};
			buildConfigurationList = 53ED3BE1188581CF00AA5C56 /* Build configuration list for PBXProject "imem" */;
			compatibilityVersion = "Xcode 3.2";
			developmentRegion = English;
			hasScannedForEncodings = 0;
			knownRegions = (
				en,
			);
			mainGroup = 53ED3BDD188581CF00AA5C56;
			productRefGroup = 53ED3BE7188581CF00AA5C56 /* Products */;
			projectDirPath = "";
			projectRoot = "";
			targets = (
				53ED3BE5188581CF00AA5C56 /* imem */,
				53ED3C00188581D000AA5C56 /* imemTests */,
			);
		};
/* End PBXProject section */

/* Begin PBXResourcesBuildPhase section */
		53ED3BE4188581CF00AA5C56 /* Resources */ = {
			isa = PBXResourcesBuildPhase;
			buildActionMask = 2147483647;
			files = (
				53ED3C2A1885879600AA5C56 /* make.sh in Resources */,
				53ED3C281885879600AA5C56 /* entitlements.xml in Resources */,
				53ED3C291885879600AA5C56 /* make_all_cli.sh in Resources */,
			);
			runOnlyForDeploymentPostprocessing = 0;
		};
		53ED3BFF188581D000AA5C56 /* Resources */ = {
			isa = PBXResourcesBuildPhase;
			buildActionMask = 2147483647;
			files = (
				53ED3C0D188581D000AA5C56 /* InfoPlist.strings in Resources */,
			);
			runOnlyForDeploymentPostprocessing = 0;
		};
/* End PBXResourcesBuildPhase section */

/* Begin PBXSourcesBuildPhase section */
		53ED3BE2188581CF00AA5C56 /* Sources */ = {
			isa = PBXSourcesBuildPhase;
			buildActionMask = 2147483647;
			files = (
				53ED3C1E1885828700AA5C56 /* AXMemoryCore.m in Sources */,
				538A2E1E1886817900E4BD97 /* AXProcessCenter.m in Sources */,
				53ED3C1D1885828700AA5C56 /* AXCUIHandler.m in Sources */,
				53ED3C1F1885828700AA5C56 /* main.m in Sources */,
			);
			runOnlyForDeploymentPostprocessing = 0;
		};
		53ED3BFD188581D000AA5C56 /* Sources */ = {
			isa = PBXSourcesBuildPhase;
			buildActionMask = 2147483647;
			files = (
				53ED3C0F188581D000AA5C56 /* imemTests.m in Sources */,
			);
			runOnlyForDeploymentPostprocessing = 0;
		};
/* End PBXSourcesBuildPhase section */

/* Begin PBXTargetDependency section */
		53ED3C07188581D000AA5C56 /* PBXTargetDependency */ = {
			isa = PBXTargetDependency;
			target = 53ED3BE5188581CF00AA5C56 /* imem */;
			targetProxy = 53ED3C06188581D000AA5C56 /* PBXContainerItemProxy */;
		};
/* End PBXTargetDependency section */

/* Begin PBXVariantGroup section */
		53ED3BF2188581CF00AA5C56 /* InfoPlist.strings */ = {
			isa = PBXVariantGroup;
			children = (
				53ED3BF3188581CF00AA5C56 /* en */,
			);
			name = InfoPlist.strings;
			sourceTree = "<group>";
		};
		53ED3C0B188581D000AA5C56 /* InfoPlist.strings */ = {
			isa = PBXVariantGroup;
			children = (
				53ED3C0C188581D000AA5C56 /* en */,
			);
			name = InfoPlist.strings;
			sourceTree = "<group>";
		};
/* End PBXVariantGroup section */

/* Begin XCBuildConfiguration section */
		53ED3C10188581D000AA5C56 /* Debug */ = {
			isa = XCBuildConfiguration;
			buildSettings = {
				ALWAYS_SEARCH_USER_PATHS = NO;
				ARCHS = "$(ARCHS_STANDARD_INCLUDING_64_BIT)";
				CLANG_CXX_LANGUAGE_STANDARD = "gnu++0x";
				CLANG_CXX_LIBRARY = "libc++";
				CLANG_ENABLE_MODULES = YES;
				CLANG_ENABLE_OBJC_ARC = YES;
				CLANG_WARN_BOOL_CONVERSION = YES;
				CLANG_WARN_CONSTANT_CONVERSION = YES;
				CLANG_WARN_DIRECT_OBJC_ISA_USAGE = YES_ERROR;
				CLANG_WARN_EMPTY_BODY = YES;
				CLANG_WARN_ENUM_CONVERSION = YES;
				CLANG_WARN_INT_CONVERSION = YES;
				CLANG_WARN_OBJC_ROOT_CLASS = YES_ERROR;
				CLANG_WARN__DUPLICATE_METHOD_MATCH = YES;
				"CODE_SIGN_IDENTITY[sdk=iphoneos*]" = "iPhone Developer";
				COPY_PHASE_STRIP = NO;
				GCC_C_LANGUAGE_STANDARD = gnu99;
				GCC_DYNAMIC_NO_PIC = NO;
				GCC_OPTIMIZATION_LEVEL = 0;
				GCC_PREPROCESSOR_DEFINITIONS = (
					"DEBUG=1",
					"$(inherited)",
				);
				GCC_SYMBOLS_PRIVATE_EXTERN = NO;
				GCC_WARN_64_TO_32_BIT_CONVERSION = YES;
				GCC_WARN_ABOUT_RETURN_TYPE = YES_ERROR;
				GCC_WARN_UNDECLARED_SELECTOR = YES;
				GCC_WARN_UNINITIALIZED_AUTOS = YES;
				GCC_WARN_UNUSED_FUNCTION = YES;
				GCC_WARN_UNUSED_VARIABLE = YES;
				IPHONEOS_DEPLOYMENT_TARGET = 7.0;
				ONLY_ACTIVE_ARCH = YES;
				SDKROOT = iphoneos;
				TARGETED_DEVICE_FAMILY = "1,2";
			};
			name = Debug;
		};
		53ED3C11188581D000AA5C56 /* Release */ = {
			isa = XCBuildConfiguration;
			buildSettings = {
				ALWAYS_SEARCH_USER_PATHS = NO;
				ARCHS = "$(ARCHS_STANDARD_INCLUDING_64_BIT)";
				CLANG_CXX_LANGUAGE_STANDARD = "gnu++0x";
				CLANG_CXX_LIBRARY = "libc++";
				CLANG_ENABLE_MODULES = YES;
				CLANG_ENABLE_OBJC_ARC = YES;
				CLANG_WARN_BOOL_CONVERSION = YES;
				CLANG_WARN_CONSTANT_CONVERSION = YES;
				CLANG_WARN_DIRECT_OBJC_ISA_USAGE = YES_ERROR;
				CLANG_WARN_EMPTY_BODY = YES;
				CLANG_WARN_ENUM_CONVERSION = YES;
				CLANG_WARN_INT_CONVERSION = YES;
				CLANG_WARN_OBJC_ROOT_CLASS = YES_ERROR;
				CLANG_WARN__DUPLICATE_METHOD_MATCH = YES;
				"CODE_SIGN_IDENTITY[sdk=iphoneos*]" = "iPhone Developer";
				COPY_PHASE_STRIP = YES;
				ENABLE_NS_ASSERTIONS = NO;
				GCC_C_LANGUAGE_STANDARD = gnu99;
				GCC_WARN_64_TO_32_BIT_CONVERSION = YES;
				GCC_WARN_ABOUT_RETURN_TYPE = YES_ERROR;
				GCC_WARN_UNDECLARED_SELECTOR = YES;
				GCC_WARN_UNINITIALIZED_AUTOS = YES;
				GCC_WARN_UNUSED_FUNCTION = YES;
				GCC_WARN_UNUSED_VARIABLE = YES;
				IPHONEOS_DEPLOYMENT_TARGET = 7.0;
				SDKROOT = iphoneos;
				TARGETED_DEVICE_FAMILY = "1,2";
				VALIDATE_PRODUCT = YES;
			};
			name = Release;
		};
		53ED3C13188581D000AA5C56 /* Debug */ = {
			isa = XCBuildConfiguration;
			buildSettings = {
				ASSETCATALOG_COMPILER_APPICON_NAME = AppIcon;
				ASSETCATALOG_COMPILER_LAUNCHIMAGE_NAME = LaunchImage;
				CODE_SIGN_IDENTITY = "Mac Developer: Shao Zheng (25D3GZ4C6N)";
				GCC_PRECOMPILE_PREFIX_HEADER = YES;
				GCC_PREFIX_HEADER = "imem/imem-Prefix.pch";
				INFOPLIST_FILE = "imem/imem-Info.plist";
				PRODUCT_NAME = "$(TARGET_NAME)";
				VALID_ARCHS = armv7;
				WRAPPER_EXTENSION = app;
			};
			name = Debug;
		};
		53ED3C14188581D000AA5C56 /* Release */ = {
			isa = XCBuildConfiguration;
			buildSettings = {
				ASSETCATALOG_COMPILER_APPICON_NAME = AppIcon;
				ASSETCATALOG_COMPILER_LAUNCHIMAGE_NAME = LaunchImage;
				CODE_SIGN_IDENTITY = "Mac Developer: Shao Zheng (25D3GZ4C6N)";
				GCC_PRECOMPILE_PREFIX_HEADER = YES;
				GCC_PREFIX_HEADER = "imem/imem-Prefix.pch";
				INFOPLIST_FILE = "imem/imem-Info.plist";
				PRODUCT_NAME = "$(TARGET_NAME)";
				VALID_ARCHS = armv7;
				WRAPPER_EXTENSION = app;
			};
			name = Release;
		};
		53ED3C16188581D000AA5C56 /* Debug */ = {
			isa = XCBuildConfiguration;
			buildSettings = {
				ARCHS = "$(ARCHS_STANDARD_INCLUDING_64_BIT)";
				BUNDLE_LOADER = "$(BUILT_PRODUCTS_DIR)/imem.app/imem";
				FRAMEWORK_SEARCH_PATHS = (
					"$(SDKROOT)/Developer/Library/Frameworks",
					"$(inherited)",
					"$(DEVELOPER_FRAMEWORKS_DIR)",
				);
				GCC_PRECOMPILE_PREFIX_HEADER = YES;
				GCC_PREFIX_HEADER = "imem/imem-Prefix.pch";
				GCC_PREPROCESSOR_DEFINITIONS = (
					"DEBUG=1",
					"$(inherited)",
				);
				INFOPLIST_FILE = "imemTests/imemTests-Info.plist";
				PRODUCT_NAME = "$(TARGET_NAME)";
				TEST_HOST = "$(BUNDLE_LOADER)";
				WRAPPER_EXTENSION = xctest;
			};
			name = Debug;
		};
		53ED3C17188581D000AA5C56 /* Release */ = {
			isa = XCBuildConfiguration;
			buildSettings = {
				ARCHS = "$(ARCHS_STANDARD_INCLUDING_64_BIT)";
				BUNDLE_LOADER = "$(BUILT_PRODUCTS_DIR)/imem.app/imem";
				FRAMEWORK_SEARCH_PATHS = (
					"$(SDKROOT)/Developer/Library/Frameworks",
					"$(inherited)",
					"$(DEVELOPER_FRAMEWORKS_DIR)",
				);
				GCC_PRECOMPILE_PREFIX_HEADER = YES;
				GCC_PREFIX_HEADER = "imem/imem-Prefix.pch";
				INFOPLIST_FILE = "imemTests/imemTests-Info.plist";
				PRODUCT_NAME = "$(TARGET_NAME)";
				TEST_HOST = "$(BUNDLE_LOADER)";
				WRAPPER_EXTENSION = xctest;
			};
			name = Release;
		};
/* End XCBuildConfiguration section */

/* Begin XCConfigurationList section */
		53ED3BE1188581CF00AA5C56 /* Build configuration list for PBXProject "imem" */ = {
			isa = XCConfigurationList;
			buildConfigurations = (
				53ED3C10188581D000AA5C56 /* Debug */,
				53ED3C11188581D000AA5C56 /* Release */,
			);
			defaultConfigurationIsVisible = 0;
			defaultConfigurationName = Release;
		};
		53ED3C12188581D000AA5C56 /* Build configuration list for PBXNativeTarget "imem" */ = {
			isa = XCConfigurationList;
			buildConfigurations = (
				53ED3C13188581D000AA5C56 /* Debug */,
				53ED3C14188581D000AA5C56 /* Release */,
			);
			defaultConfigurationIsVisible = 0;
			defaultConfigurationName = Release;
		};
		53ED3C15188581D000AA5C56 /* Build configuration list for PBXNativeTarget "imemTests" */ = {
			isa = XCConfigurationList;
			buildConfigurations = (
				53ED3C16188581D000AA5C56 /* Debug */,
				53ED3C17188581D000AA5C56 /* Release */,
			);
			defaultConfigurationIsVisible = 0;
			defaultConfigurationName = Release;
		};
/* End XCConfigurationList section */
	};
	rootObject = 53ED3BDE188581CF00AA5C56 /* Project object */;
}
